PODS:
  - flutter_midi_command_darwin (1.0.0):
    - Flutter
    - FlutterMacOS
  - flutter_notemus (2.0.0):
    - FlutterMacOS
  - FlutterMacOS (1.0.0)
  - printing (1.0.0):
    - FlutterMacOS

DEPENDENCIES:
  - flutter_midi_command_darwin (from `Flutter/ephemeral/.symlinks/plugins/flutter_midi_command_darwin/darwin`)
  - flutter_notemus (from `Flutter/ephemeral/.symlinks/plugins/flutter_notemus/macos`)
  - FlutterMacOS (from `Flutter/ephemeral`)
  - printing (from `Flutter/ephemeral/.symlinks/plugins/printing/macos`)

EXTERNAL SOURCES:
  flutter_midi_command_darwin:
    :path: Flutter/ephemeral/.symlinks/plugins/flutter_midi_command_darwin/darwin
  flutter_notemus:
    :path: Flutter/ephemeral/.symlinks/plugins/flutter_notemus/macos
  FlutterMacOS:
    :path: Flutter/ephemeral
  printing:
    :path: Flutter/ephemeral/.symlinks/plugins/printing/macos

SPEC CHECKSUMS:
  flutter_midi_command_darwin: 6afc0c0eb03f1a60a8a1704240e3bcfe68b76a51
  flutter_notemus: 6fe2a99cd6de3b672307464670c2bc3977a5857f
  FlutterMacOS: d0db08ddef1a9af05a5ec4b724367152bb0500b1
  printing: c4cf83c78fd684f9bc318e6aadc18972aa48f617

PODFILE CHECKSUM: 54d867c82ac51cbd61b565781b9fada492027009

COCOAPODS: 1.17.0
